# This file was autogenerated by uv via the following command:
#    uv pip compile pyproject.toml --extra api --extra observability --extra mnist -o requirements.lock
aiohappyeyeballs==2.7.1
    # via aiohttp
aiohttp==3.14.1
    # via fsspec
aiosignal==1.4.0
    # via aiohttp
annotated-doc==0.0.4
    # via fastapi
annotated-types==0.7.0
    # via pydantic
anyio==4.14.0
    # via
    #   httpx
    #   starlette
    #   watchfiles
attrs==26.1.0
    # via aiohttp
cachetools==7.1.4
    # via juniper-data (pyproject.toml)
certifi==2026.6.17
    # via
    #   httpcore
    #   httpx
    #   requests
    #   sentry-sdk
charset-normalizer==3.4.9
    # via requests
click==8.4.2
    # via
    #   huggingface-hub
    #   uvicorn
datasets==5.0.0
    # via juniper-data (pyproject.toml)
dill==0.4.1
    # via
    #   datasets
    #   multiprocess
fastapi==0.138.0
    # via
    #   juniper-data (pyproject.toml)
    #   sentry-sdk
filelock==3.29.7
    # via
    #   datasets
    #   huggingface-hub
frozenlist==1.8.0
    # via
    #   aiohttp
    #   aiosignal
fsspec==2026.4.0
    # via
    #   datasets
    #   huggingface-hub
h11==0.16.0
    # via
    #   httpcore
    #   uvicorn
hf-xet==1.5.1
    # via huggingface-hub
httpcore==1.0.9
    # via httpx
httptools==0.8.0
    # via uvicorn
httpx==0.28.1
    # via
    #   datasets
    #   huggingface-hub
huggingface-hub==1.23.0
    # via datasets
idna==3.18
    # via
    #   anyio
    #   httpx
    #   requests
    #   yarl
juniper-observability==0.4.0
    # via juniper-data (pyproject.toml)
multidict==6.7.1
    # via
    #   aiohttp
    #   yarl
multiprocess==0.70.19
    # via datasets
numpy==2.5.0
    # via
    #   juniper-data (pyproject.toml)
    #   datasets
    #   pandas
packaging==26.2
    # via
    #   datasets
    #   huggingface-hub
pandas==3.0.3
    # via datasets
pillow==12.3.0
    # via datasets
prometheus-client==0.25.0
    # via juniper-data (pyproject.toml)
propcache==0.5.2
    # via
    #   aiohttp
    #   yarl
pyarrow==25.0.0
    # via datasets
pydantic==2.13.4
    # via
    #   juniper-data (pyproject.toml)
    #   fastapi
    #   juniper-observability
    #   pydantic-settings
pydantic-core==2.46.4
    # via pydantic
pydantic-settings==2.14.2
    # via juniper-data (pyproject.toml)
python-dateutil==2.9.0.post0
    # via pandas
python-dotenv==1.2.2
    # via
    #   juniper-data (pyproject.toml)
    #   pydantic-settings
    #   uvicorn
pyyaml==6.0.3
    # via
    #   datasets
    #   huggingface-hub
    #   uvicorn
requests==2.34.2
    # via datasets
sentry-sdk==2.63.0
    # via juniper-data (pyproject.toml)
six==1.17.0
    # via python-dateutil
starlette==1.3.1
    # via
    #   juniper-data (pyproject.toml)
    #   fastapi
    #   juniper-observability
tqdm==4.68.4
    # via
    #   datasets
    #   huggingface-hub
typing-extensions==4.15.0
    # via
    #   fastapi
    #   huggingface-hub
    #   pydantic
    #   pydantic-core
    #   typing-inspection
typing-inspection==0.4.2
    # via
    #   fastapi
    #   pydantic
    #   pydantic-settings
urllib3==2.7.0
    # via
    #   requests
    #   sentry-sdk
uvicorn==0.49.0
    # via juniper-data (pyproject.toml)
uvloop==0.22.1
    # via uvicorn
watchfiles==1.2.0
    # via uvicorn
websockets==16.0
    # via uvicorn
xxhash==3.8.1
    # via datasets
yarl==1.24.2
    # via aiohttp
